Microsoft Visual Studio Solution File, Format Version 8.00
Project("{8BC9CEB8-8B4A-11D0-8D11-00A0C91BC942}") = "draw_triangle", "draw_triangle.vcproj", "{4B3D9A88-A770-47E4-9A9B-5B688F1F0CE0}"
	ProjectSection(ProjectDependencies) = postProject
	EndProjectSection
EndProject
Global
	GlobalSection(SolutionConfiguration) = preSolution
		Debug = Debug
		Release = Release
	EndGlobalSection
	GlobalSection(ProjectConfiguration) = postSolution
		{4B3D9A88-A770-47E4-9A9B-5B688F1F0CE0}.Debug.ActiveCfg = Debug|Win32
		{4B3D9A88-A770-47E4-9A9B-5B688F1F0CE0}.Debug.Build.0 = Debug|Win32
		{4B3D9A88-A770-47E4-9A9B-5B688F1F0CE0}.Release.ActiveCfg = Release|Win32
		{4B3D9A88-A770-47E4-9A9B-5B688F1F0CE0}.Release.Build.0 = Release|Win32
	EndGlobalSection
	GlobalSection(ExtensibilityGlobals) = postSolution
	EndGlobalSection
	GlobalSection(ExtensibilityAddIns) = postSolution
	EndGlobalSection
EndGlobal
