Microsoft Visual Studio Solution File, Format Version 8.00
Project("{8BC9CEB8-8B4A-11D0-8D11-00A0C91BC942}") = "test2d", "test2d.vcproj", "{75C9FF5C-4ED2-46AD-8976-103EC41E1288}"
	ProjectSection(ProjectDependencies) = postProject
	EndProjectSection
EndProject
Global
	GlobalSection(SolutionConfiguration) = preSolution
		Debug = Debug
		Release = Release
	EndGlobalSection
	GlobalSection(ProjectConfiguration) = postSolution
		{75C9FF5C-4ED2-46AD-8976-103EC41E1288}.Debug.ActiveCfg = Debug|Win32
		{75C9FF5C-4ED2-46AD-8976-103EC41E1288}.Debug.Build.0 = Debug|Win32
		{75C9FF5C-4ED2-46AD-8976-103EC41E1288}.Release.ActiveCfg = Release|Win32
		{75C9FF5C-4ED2-46AD-8976-103EC41E1288}.Release.Build.0 = Release|Win32
	EndGlobalSection
	GlobalSection(ExtensibilityGlobals) = postSolution
	EndGlobalSection
	GlobalSection(ExtensibilityAddIns) = postSolution
	EndGlobalSection
EndGlobal
